{
  "nodes": {
    "colmena": {
      "inputs": {
        "flake-compat": [
          "flake-compat"
        ],
        "flake-utils": [
          "flake-utils"
        ],
        "nix-github-actions": "nix-github-actions",
        "nixpkgs": [
          "nixpkgs"
        ],
        "stable": "stable"
      },
      "locked": {
        "lastModified": 1739900653,
        "narHash": "sha256-hPSLvw6AZQYrZyGI6Uq4XgST7benF/0zcCpugn/P0yM=",
        "owner": "zhaofengli",
        "repo": "colmena",
        "rev": "2370d4336eda2a9ef29fce10fa7076ae011983ab",
        "type": "github"
      },
      "original": {
        "owner": "zhaofengli",
        "repo": "colmena",
        "type": "github"
      }
    },
    "crane": {
      "locked": {
        "lastModified": 1744386647,
        "narHash": "sha256-DXwQEJllxpYeVOiSlBhQuGjfvkoGHTtILLYO2FvcyzQ=",
        "owner": "ipetkov",
        "repo": "crane",
        "rev": "d02c1cdd7ec539699aa44e6ff912e15535969803",
        "type": "github"
      },
      "original": {
        "owner": "ipetkov",
        "repo": "crane",
        "type": "github"
      }
    },
    "disko": {
      "inputs": {
        "nixpkgs": [
          "nixpkgs"
        ]
      },
      "locked": {
        "lastModified": 1744145203,
        "narHash": "sha256-I2oILRiJ6G+BOSjY+0dGrTPe080L3pbKpc+gCV3Nmyk=",
        "owner": "nix-community",
        "repo": "disko",
        "rev": "76c0a6dba345490508f36c1aa3c7ba5b6b460989",
        "type": "github"
      },
      "original": {
        "owner": "nix-community",
        "repo": "disko",
        "type": "github"
      }
    },
    "flake-compat": {
      "flake": false,
      "locked": {
        "lastModified": 1733328505,
        "narHash": "sha256-NeCCThCEP3eCl2l/+27kNNK7QrwZB1IJCrXfrbv5oqU=",
        "owner": "edolstra",
        "repo": "flake-compat",
        "rev": "ff81ac966bb2cae68946d5ed5fc4994f96d0ffec",
        "type": "github"
      },
      "original": {
        "owner": "edolstra",
        "repo": "flake-compat",
        "type": "github"
      }
    },
    "flake-parts": {
      "inputs": {
        "nixpkgs-lib": [
          "nixpkgs-lib"
        ]
      },
      "locked": {
        "lastModified": 1743550720,
        "narHash": "sha256-hIshGgKZCgWh6AYJpJmRgFdR3WUbkY04o82X05xqQiY=",
        "owner": "hercules-ci",
        "repo": "flake-parts",
        "rev": "c621e8422220273271f52058f618c94e405bb0f5",
        "type": "github"
      },
      "original": {
        "owner": "hercules-ci",
        "repo": "flake-parts",
        "type": "github"
      }
    },
    "flake-parts_2": {
      "inputs": {
        "nixpkgs-lib": [
          "nixpak",
          "nixpkgs"
        ]
      },
      "locked": {
        "lastModified": 1743550720,
        "narHash": "sha256-hIshGgKZCgWh6AYJpJmRgFdR3WUbkY04o82X05xqQiY=",
        "owner": "hercules-ci",
        "repo": "flake-parts",
        "rev": "c621e8422220273271f52058f618c94e405bb0f5",
        "type": "github"
      },
      "original": {
        "owner": "hercules-ci",
        "repo": "flake-parts",
        "type": "github"
      }
    },
    "flake-utils": {
      "inputs": {
        "systems": "systems"
      },
      "locked": {
        "lastModified": 1731533236,
        "narHash": "sha256-l0KFg5HjrsfsO/JpG+r7fRrqm12kzFHyUHqHCVpMMbI=",
        "owner": "numtide",
        "repo": "flake-utils",
        "rev": "11707dc2f618dd54ca8739b309ec4fc024de578b",
        "type": "github"
      },
      "original": {
        "owner": "numtide",
        "repo": "flake-utils",
        "type": "github"
      }
    },
    "gpd-fan-driver": {
      "inputs": {
        "nixpkgs": [
          "nur-cryolitia",
          "nixpkgs"
        ]
      },
      "locked": {
        "lastModified": 1741895735,
        "narHash": "sha256-Ilad2zBwIXZlOFuLt35jG4knCaO6JvNjm0wk99ArEhU=",
        "owner": "Cryolitia",
        "repo": "gpd-fan-driver",
        "rev": "ab215d85df51c3e9532afb653fdf879dc389d8a2",
        "type": "github"
      },
      "original": {
        "owner": "Cryolitia",
        "repo": "gpd-fan-driver",
        "type": "github"
      }
    },
    "gpd-linuxcontrols": {
      "inputs": {
        "nixpkgs": "nixpkgs_2",
        "rust-overlay": "rust-overlay"
      },
      "locked": {
        "lastModified": 1720926613,
        "narHash": "sha256-k2fYcrHLDxkgi/R/hpkdXrzUJy54gBaakW+hSwPkFq8=",
        "owner": "Cryolitia",
        "repo": "GPD-LinuxControls",
        "rev": "03776f22389dd1e257f1bc3d61f2e1e304f42ede",
        "type": "github"
      },
      "original": {
        "owner": "Cryolitia",
        "repo": "GPD-LinuxControls",
        "type": "github"
      }
    },
    "hercules-ci-effects": {
      "inputs": {
        "flake-parts": [
          "nixpak",
          "flake-parts"
        ],
        "nixpkgs": [
          "nixpak",
          "nixpkgs"
        ]
      },
      "locked": {
        "lastModified": 1742014779,
        "narHash": "sha256-I6fG1zrfdLFcp/imGZElig0BJO3YU0QEXLgvwWoOpJ8=",
        "owner": "hercules-ci",
        "repo": "hercules-ci-effects",
        "rev": "524637ef84c177661690b924bf64a1ce18072a2c",
        "type": "github"
      },
      "original": {
        "owner": "hercules-ci",
        "repo": "hercules-ci-effects",
        "type": "github"
      }
    },
    "home-manager": {
      "inputs": {
        "nixpkgs": [
          "nixpkgs"
        ]
      },
      "locked": {
        "lastModified": 1744735751,
        "narHash": "sha256-OPpfgL3qUIbQdbmp1/ZwnlsuTLooHN4or0EABnZTFRY=",
        "owner": "nix-community",
        "repo": "home-manager",
        "rev": "db7738e67a101ad945abbcb447e1310147afaf1b",
        "type": "github"
      },
      "original": {
        "owner": "nix-community",
        "repo": "home-manager",
        "type": "github"
      }
    },
    "impermanence": {
      "locked": {
        "lastModified": 1737831083,
        "narHash": "sha256-LJggUHbpyeDvNagTUrdhe/pRVp4pnS6wVKALS782gRI=",
        "owner": "nix-community",
        "repo": "impermanence",
        "rev": "4b3e914cdf97a5b536a889e939fb2fd2b043a170",
        "type": "github"
      },
      "original": {
        "owner": "nix-community",
        "repo": "impermanence",
        "type": "github"
      }
    },
    "kwin-effects-forceblur": {
      "inputs": {
        "nixpkgs": [
          "nixpkgs"
        ],
        "utils": [
          "flake-utils"
        ]
      },
      "locked": {
        "lastModified": 1740651704,
        "narHash": "sha256-s6pe3osipbo+GZVAB6LycyOsYcdvC12OJzuQRVptVZE=",
        "owner": "taj-ny",
        "repo": "kwin-effects-forceblur",
        "rev": "1c8dcf1a471b13ada1e37f468de71e115148353f",
        "type": "github"
      },
      "original": {
        "owner": "taj-ny",
        "repo": "kwin-effects-forceblur",
        "type": "github"
      }
    },
    "kwin-gestures": {
      "inputs": {
        "nixpkgs": [
          "nixpkgs"
        ],
        "utils": [
          "flake-utils"
        ]
      },
      "locked": {
        "lastModified": 1744701157,
        "narHash": "sha256-+lEblTb8dkqqpQd2h9RvCUCCo3kEjqmQOE0k55hxpcA=",
        "owner": "taj-ny",
        "repo": "kwin-gestures",
        "rev": "c0da436ccbb38e44e0bc41a45975f34d62880099",
        "type": "github"
      },
      "original": {
        "owner": "taj-ny",
        "repo": "kwin-gestures",
        "type": "github"
      }
    },
    "lanzaboote": {
      "inputs": {
        "crane": [
          "crane"
        ],
        "flake-compat": [
          "flake-compat"
        ],
        "flake-parts": [
          "flake-parts"
        ],
        "nixpkgs": [
          "nixpkgs"
        ],
        "pre-commit-hooks-nix": [],
        "rust-overlay": [
          "rust-overlay"
        ]
      },
      "locked": {
        "lastModified": 1741442524,
        "narHash": "sha256-tVcxLDLLho8dWcO81Xj/3/ANLdVs0bGyCPyKjp70JWk=",
        "owner": "nix-community",
        "repo": "lanzaboote",
        "rev": "d8099586d9a84308ffedac07880e7f07a0180ff4",
        "type": "github"
      },
      "original": {
        "owner": "nix-community",
        "repo": "lanzaboote",
        "type": "github"
      }
    },
    "nix-github-actions": {
      "inputs": {
        "nixpkgs": [
          "colmena",
          "nixpkgs"
        ]
      },
      "locked": {
        "lastModified": 1729742964,
        "narHash": "sha256-B4mzTcQ0FZHdpeWcpDYPERtyjJd/NIuaQ9+BV1h+MpA=",
        "owner": "nix-community",
        "repo": "nix-github-actions",
        "rev": "e04df33f62cdcf93d73e9a04142464753a16db67",
        "type": "github"
      },
      "original": {
        "owner": "nix-community",
        "repo": "nix-github-actions",
        "type": "github"
      }
    },
    "nix-index-database": {
      "inputs": {
        "nixpkgs": [
          "nixpkgs"
        ]
      },
      "locked": {
        "lastModified": 1744518957,
        "narHash": "sha256-RLBSWQfTL0v+7uyskC5kP6slLK1jvIuhaAh8QvB75m4=",
        "owner": "nix-community",
        "repo": "nix-index-database",
        "rev": "4fc9ea78c962904f4ea11046f3db37c62e8a02fd",
        "type": "github"
      },
      "original": {
        "owner": "nix-community",
        "repo": "nix-index-database",
        "type": "github"
      }
    },
    "nixpak": {
      "inputs": {
        "flake-parts": "flake-parts_2",
        "hercules-ci-effects": "hercules-ci-effects",
        "nixpkgs": [
          "nixpkgs"
        ]
      },
      "locked": {
        "lastModified": 1744251635,
        "narHash": "sha256-tvpWXDKHdeXMqFjwi5Ot8o5PoV18zdbOEnZ/037Z7CE=",
        "owner": "nixpak",
        "repo": "nixpak",
        "rev": "1974dfbf1027f0b239355fb3d9fa589dc4f7c390",
        "type": "github"
      },
      "original": {
        "owner": "nixpak",
        "repo": "nixpak",
        "type": "github"
      }
    },
    "nixpkgs": {
      "locked": {
        "lastModified": 1744463964,
        "narHash": "sha256-LWqduOgLHCFxiTNYi3Uj5Lgz0SR+Xhw3kr/3Xd0GPTM=",
        "owner": "NixOS",
        "repo": "nixpkgs",
        "rev": "2631b0b7abcea6e640ce31cd78ea58910d31e650",
        "type": "github"
      },
      "original": {
        "owner": "NixOS",
        "ref": "nixos-unstable",
        "repo": "nixpkgs",
        "type": "github"
      }
    },
    "nixpkgs-lib": {
      "locked": {
        "dir": "lib",
        "lastModified": 1744463964,
        "narHash": "sha256-LWqduOgLHCFxiTNYi3Uj5Lgz0SR+Xhw3kr/3Xd0GPTM=",
        "owner": "NixOS",
        "repo": "nixpkgs",
        "rev": "2631b0b7abcea6e640ce31cd78ea58910d31e650",
        "type": "github"
      },
      "original": {
        "dir": "lib",
        "owner": "NixOS",
        "ref": "nixos-unstable",
        "repo": "nixpkgs",
        "type": "github"
      }
    },
    "nixpkgs_2": {
      "locked": {
        "lastModified": 1720781449,
        "narHash": "sha256-po3TZO9kcZwzvkyMJKb0WCzzDtiHWD34XeRaX1lWXp0=",
        "owner": "NixOS",
        "repo": "nixpkgs",
        "rev": "8b5a3d5a1d951344d683b442c0739010b80039db",
        "type": "github"
      },
      "original": {
        "owner": "NixOS",
        "ref": "nixpkgs-unstable",
        "repo": "nixpkgs",
        "type": "github"
      }
    },
    "nixpkgs_3": {
      "locked": {
        "lastModified": 1744157173,
        "narHash": "sha256-bWSjxDwq7iVePrhmA7tY2dyMWHuNJo8knkO4y+q4ZkY=",
        "owner": "NixOS",
        "repo": "nixpkgs",
        "rev": "6a39c6e495eefabc935d8ddf66aa45d85b85fa3f",
        "type": "github"
      },
      "original": {
        "owner": "NixOS",
        "ref": "nixpkgs-unstable",
        "repo": "nixpkgs",
        "type": "github"
      }
    },
    "nur-cryolitia": {
      "inputs": {
        "gpd-fan-driver": "gpd-fan-driver",
        "gpd-linuxcontrols": "gpd-linuxcontrols",
        "nixpkgs": [
          "nixpkgs"
        ],
        "pgp-sig2dot": "pgp-sig2dot",
        "rust-overlay": [
          "rust-overlay"
        ]
      },
      "locked": {
        "lastModified": 1744599957,
        "narHash": "sha256-H0hLmKwYUsu1AVS3hvtYtW5k8unfCHunsG1sAMj9l60=",
        "owner": "Cryolitia",
        "repo": "nur-packages",
        "rev": "dc363e3a019cbbf937ce55f3b5399c0f24e8ce41",
        "type": "github"
      },
      "original": {
        "owner": "Cryolitia",
        "repo": "nur-packages",
        "type": "github"
      }
    },
    "pgp-sig2dot": {
      "inputs": {
        "nixpkgs": "nixpkgs_3",
        "rust-overlay": [
          "nur-cryolitia",
          "rust-overlay"
        ]
      },
      "locked": {
        "lastModified": 1744304760,
        "narHash": "sha256-H59T5rBbpYsavoX/uLrkkMXEJwgLMmKtROhMk69OSys=",
        "owner": "Cryolitia",
        "repo": "pgp-sig2dot",
        "rev": "ad3638260f828385054777ed4c1dc676d4032516",
        "type": "github"
      },
      "original": {
        "owner": "Cryolitia",
        "repo": "pgp-sig2dot",
        "type": "github"
      }
    },
    "root": {
      "inputs": {
        "colmena": "colmena",
        "crane": "crane",
        "disko": "disko",
        "flake-compat": "flake-compat",
        "flake-parts": "flake-parts",
        "flake-utils": "flake-utils",
        "home-manager": "home-manager",
        "impermanence": "impermanence",
        "kwin-effects-forceblur": "kwin-effects-forceblur",
        "kwin-gestures": "kwin-gestures",
        "lanzaboote": "lanzaboote",
        "nix-index-database": "nix-index-database",
        "nixpak": "nixpak",
        "nixpkgs": "nixpkgs",
        "nixpkgs-lib": "nixpkgs-lib",
        "nur-cryolitia": "nur-cryolitia",
        "rust-overlay": "rust-overlay_2",
        "sops-nix": "sops-nix",
        "spicetify-nix": "spicetify-nix"
      }
    },
    "rust-overlay": {
      "inputs": {
        "nixpkgs": [
          "nur-cryolitia",
          "gpd-linuxcontrols",
          "nixpkgs"
        ]
      },
      "locked": {
        "lastModified": 1720923816,
        "narHash": "sha256-GrDL1nFYZrB/+Ah1hNoaNFfduB1agpfqL9QyEl12UOU=",
        "owner": "oxalica",
        "repo": "rust-overlay",
        "rev": "fb8c8be0313f0e6385b3d70151a04ea1d71e4b68",
        "type": "github"
      },
      "original": {
        "owner": "oxalica",
        "repo": "rust-overlay",
        "type": "github"
      }
    },
    "rust-overlay_2": {
      "inputs": {
        "nixpkgs": [
          "nixpkgs"
        ]
      },
      "locked": {
        "lastModified": 1744684506,
        "narHash": "sha256-pDPDMT1rdkTWi8MIoZ67gT3L817R7P0Jo+PP+BrnyJI=",
        "owner": "oxalica",
        "repo": "rust-overlay",
        "rev": "47beae969336c05e892e1e4a9dbaac9593de34ab",
        "type": "github"
      },
      "original": {
        "owner": "oxalica",
        "repo": "rust-overlay",
        "type": "github"
      }
    },
    "sops-nix": {
      "inputs": {
        "nixpkgs": [
          "nixpkgs"
        ]
      },
      "locked": {
        "lastModified": 1744669848,
        "narHash": "sha256-pXyanHLUzLNd3MX9vsWG+6Z2hTU8niyphWstYEP3/GU=",
        "owner": "Mic92",
        "repo": "sops-nix",
        "rev": "61154300d945f0b147b30d24ddcafa159148026a",
        "type": "github"
      },
      "original": {
        "owner": "Mic92",
        "repo": "sops-nix",
        "type": "github"
      }
    },
    "spicetify-nix": {
      "inputs": {
        "nixpkgs": [
          "nixpkgs"
        ],
        "systems": [
          "flake-utils",
          "systems"
        ]
      },
      "locked": {
        "lastModified": 1744682091,
        "narHash": "sha256-zudMf0YW3mB0f2XnWPAjYdKioJPaJQchhO4bCeBOZAI=",
        "owner": "Gerg-L",
        "repo": "spicetify-nix",
        "rev": "44ed9eb751a6966ffb291edbda2e9bebd3ebcd4a",
        "type": "github"
      },
      "original": {
        "owner": "Gerg-L",
        "repo": "spicetify-nix",
        "type": "github"
      }
    },
    "stable": {
      "locked": {
        "lastModified": 1730883749,
        "narHash": "sha256-mwrFF0vElHJP8X3pFCByJR365Q2463ATp2qGIrDUdlE=",
        "owner": "NixOS",
        "repo": "nixpkgs",
        "rev": "dba414932936fde69f0606b4f1d87c5bc0003ede",
        "type": "github"
      },
      "original": {
        "owner": "NixOS",
        "ref": "nixos-24.05",
        "repo": "nixpkgs",
        "type": "github"
      }
    },
    "systems": {
      "locked": {
        "lastModified": 1681028828,
        "narHash": "sha256-Vy1rq5AaRuLzOxct8nz4T6wlgyUR7zLU309k9mBC768=",
        "owner": "nix-systems",
        "repo": "default",
        "rev": "da67096a3b9bf56a91d16901293e51ba5b49a27e",
        "type": "github"
      },
      "original": {
        "owner": "nix-systems",
        "repo": "default",
        "type": "github"
      }
    }
  },
  "root": "root",
  "version": 7
}
